
Microsoft Visual Studio Solution File, Format Version 12.00
# Visual Studio 15
VisualStudioVersion = 15.0.27703.2000
MinimumVisualStudioVersion = 10.0.40219.1
Project("{FAE04EC0-301F-11D3-BF4B-00C04F79EFBC}") = "ListView.Android", "ListView\ListView.Android\ListView.Android.csproj", "{6BB00757-1A99-4EB5-B5ED-C6AAD72EAA42}"
EndProject
Project("{FAE04EC0-301F-11D3-BF4B-00C04F79EFBC}") = "ListView.iOS", "ListView\ListView.iOS\ListView.iOS.csproj", "{94EAE362-390B-4A2C-A1F2-678F3FC96199}"
EndProject
Project("{FAE04EC0-301F-11D3-BF4B-00C04F79EFBC}") = "ListView", "ListView\ListView\ListView.csproj", "{99845EB3-6FED-40F5-AC03-C5C18FCCA558}"
EndProject
Global
	GlobalSection(SolutionConfigurationPlatforms) = preSolution
		Ad-Hoc|Any CPU = Ad-Hoc|Any CPU
		Ad-Hoc|iPhone = Ad-Hoc|iPhone
		Ad-Hoc|iPhoneSimulator = Ad-Hoc|iPhoneSimulator
		AppStore|Any CPU = AppStore|Any CPU
		AppStore|iPhone = AppStore|iPhone
		AppStore|iPhoneSimulator = AppStore|iPhoneSimulator
		Debug|Any CPU = Debug|Any CPU
		Debug|iPhone = Debug|iPhone
		Debug|iPhoneSimulator = Debug|iPhoneSimulator
		Release|Any CPU = Release|Any CPU
		Release|iPhone = Release|iPhone
		Release|iPhoneSimulator = Release|iPhoneSimulator
	EndGlobalSection
	GlobalSection(ProjectConfigurationPlatforms) = postSolution
		{6BB00757-1A99-4EB5-B5ED-C6AAD72EAA42}.Ad-Hoc|Any CPU.ActiveCfg = Release|Any CPU
		{6BB00757-1A99-4EB5-B5ED-C6AAD72EAA42}.Ad-Hoc|Any CPU.Build.0 = Release|Any CPU
		{6BB00757-1A99-4EB5-B5ED-C6AAD72EAA42}.Ad-Hoc|Any CPU.Deploy.0 = Release|Any CPU
		{6BB00757-1A99-4EB5-B5ED-C6AAD72EAA42}.Ad-Hoc|iPhone.ActiveCfg = Release|Any CPU
		{6BB00757-1A99-4EB5-B5ED-C6AAD72EAA42}.Ad-Hoc|iPhone.Build.0 = Release|Any CPU
		{6BB00757-1A99-4EB5-B5ED-C6AAD72EAA42}.Ad-Hoc|iPhone.Deploy.0 = Release|Any CPU
		{6BB00757-1A99-4EB5-B5ED-C6AAD72EAA42}.Ad-Hoc|iPhoneSimulator.ActiveCfg = Release|Any CPU
		{6BB00757-1A99-4EB5-B5ED-C6AAD72EAA42}.Ad-Hoc|iPhoneSimulator.Build.0 = Release|Any CPU
		{6BB00757-1A99-4EB5-B5ED-C6AAD72EAA42}.Ad-Hoc|iPhoneSimulator.Deploy.0 = Release|Any CPU
		{6BB00757-1A99-4EB5-B5ED-C6AAD72EAA42}.AppStore|Any CPU.ActiveCfg = Release|Any CPU
		{6BB00757-1A99-4EB5-B5ED-C6AAD72EAA42}.AppStore|Any CPU.Build.0 = Release|Any CPU
		{6BB00757-1A99-4EB5-B5ED-C6AAD72EAA42}.AppStore|Any CPU.Deploy.0 = Release|Any CPU
		{6BB00757-1A99-4EB5-B5ED-C6AAD72EAA42}.AppStore|iPhone.ActiveCfg = Release|Any CPU
		{6BB00757-1A99-4EB5-B5ED-C6AAD72EAA42}.AppStore|iPhone.Build.0 = Release|Any CPU
		{6BB00757-1A99-4EB5-B5ED-C6AAD72EAA42}.AppStore|iPhone.Deploy.0 = Release|Any CPU
		{6BB00757-1A99-4EB5-B5ED-C6AAD72EAA42}.AppStore|iPhoneSimulator.ActiveCfg = Release|Any CPU
		{6BB00757-1A99-4EB5-B5ED-C6AAD72EAA42}.AppStore|iPhoneSimulator.Build.0 = Release|Any CPU
		{6BB00757-1A99-4EB5-B5ED-C6AAD72EAA42}.AppStore|iPhoneSimulator.Deploy.0 = Release|Any CPU
		{6BB00757-1A99-4EB5-B5ED-C6AAD72EAA42}.Debug|Any CPU.ActiveCfg = Debug|Any CPU
		{6BB00757-1A99-4EB5-B5ED-C6AAD72EAA42}.Debug|Any CPU.Build.0 = Debug|Any CPU
		{6BB00757-1A99-4EB5-B5ED-C6AAD72EAA42}.Debug|Any CPU.Deploy.0 = Debug|Any CPU
		{6BB00757-1A99-4EB5-B5ED-C6AAD72EAA42}.Debug|iPhone.ActiveCfg = Debug|Any CPU
		{6BB00757-1A99-4EB5-B5ED-C6AAD72EAA42}.Debug|iPhone.Build.0 = Debug|Any CPU
		{6BB00757-1A99-4EB5-B5ED-C6AAD72EAA42}.Debug|iPhone.Deploy.0 = Debug|Any CPU
		{6BB00757-1A99-4EB5-B5ED-C6AAD72EAA42}.Debug|iPhoneSimulator.ActiveCfg = Debug|Any CPU
		{6BB00757-1A99-4EB5-B5ED-C6AAD72EAA42}.Debug|iPhoneSimulator.Build.0 = Debug|Any CPU
		{6BB00757-1A99-4EB5-B5ED-C6AAD72EAA42}.Debug|iPhoneSimulator.Deploy.0 = Debug|Any CPU
		{6BB00757-1A99-4EB5-B5ED-C6AAD72EAA42}.Release|Any CPU.ActiveCfg = Release|Any CPU
		{6BB00757-1A99-4EB5-B5ED-C6AAD72EAA42}.Release|Any CPU.Build.0 = Release|Any CPU
		{6BB00757-1A99-4EB5-B5ED-C6AAD72EAA42}.Release|Any CPU.Deploy.0 = Release|Any CPU
		{6BB00757-1A99-4EB5-B5ED-C6AAD72EAA42}.Release|iPhone.ActiveCfg = Release|Any CPU
		{6BB00757-1A99-4EB5-B5ED-C6AAD72EAA42}.Release|iPhone.Build.0 = Release|Any CPU
		{6BB00757-1A99-4EB5-B5ED-C6AAD72EAA42}.Release|iPhone.Deploy.0 = Release|Any CPU
		{6BB00757-1A99-4EB5-B5ED-C6AAD72EAA42}.Release|iPhoneSimulator.ActiveCfg = Release|Any CPU
		{6BB00757-1A99-4EB5-B5ED-C6AAD72EAA42}.Release|iPhoneSimulator.Build.0 = Release|Any CPU
		{6BB00757-1A99-4EB5-B5ED-C6AAD72EAA42}.Release|iPhoneSimulator.Deploy.0 = Release|Any CPU
		{94EAE362-390B-4A2C-A1F2-678F3FC96199}.Ad-Hoc|Any CPU.ActiveCfg = Ad-Hoc|iPhone
		{94EAE362-390B-4A2C-A1F2-678F3FC96199}.Ad-Hoc|Any CPU.Build.0 = Ad-Hoc|iPhone
		{94EAE362-390B-4A2C-A1F2-678F3FC96199}.Ad-Hoc|Any CPU.Deploy.0 = Ad-Hoc|iPhone
		{94EAE362-390B-4A2C-A1F2-678F3FC96199}.Ad-Hoc|iPhone.ActiveCfg = Ad-Hoc|iPhone
		{94EAE362-390B-4A2C-A1F2-678F3FC96199}.Ad-Hoc|iPhone.Build.0 = Ad-Hoc|iPhone
		{94EAE362-390B-4A2C-A1F2-678F3FC96199}.Ad-Hoc|iPhone.Deploy.0 = Ad-Hoc|iPhone
		{94EAE362-390B-4A2C-A1F2-678F3FC96199}.Ad-Hoc|iPhoneSimulator.ActiveCfg = Ad-Hoc|iPhoneSimulator
		{94EAE362-390B-4A2C-A1F2-678F3FC96199}.Ad-Hoc|iPhoneSimulator.Build.0 = Ad-Hoc|iPhoneSimulator
		{94EAE362-390B-4A2C-A1F2-678F3FC96199}.Ad-Hoc|iPhoneSimulator.Deploy.0 = Ad-Hoc|iPhoneSimulator
		{94EAE362-390B-4A2C-A1F2-678F3FC96199}.AppStore|Any CPU.ActiveCfg = AppStore|iPhone
		{94EAE362-390B-4A2C-A1F2-678F3FC96199}.AppStore|Any CPU.Build.0 = AppStore|iPhone
		{94EAE362-390B-4A2C-A1F2-678F3FC96199}.AppStore|Any CPU.Deploy.0 = AppStore|iPhone
		{94EAE362-390B-4A2C-A1F2-678F3FC96199}.AppStore|iPhone.ActiveCfg = AppStore|iPhone
		{94EAE362-390B-4A2C-A1F2-678F3FC96199}.AppStore|iPhone.Build.0 = AppStore|iPhone
		{94EAE362-390B-4A2C-A1F2-678F3FC96199}.AppStore|iPhone.Deploy.0 = AppStore|iPhone
		{94EAE362-390B-4A2C-A1F2-678F3FC96199}.AppStore|iPhoneSimulator.ActiveCfg = AppStore|iPhoneSimulator
		{94EAE362-390B-4A2C-A1F2-678F3FC96199}.AppStore|iPhoneSimulator.Build.0 = AppStore|iPhoneSimulator
		{94EAE362-390B-4A2C-A1F2-678F3FC96199}.AppStore|iPhoneSimulator.Deploy.0 = AppStore|iPhoneSimulator
		{94EAE362-390B-4A2C-A1F2-678F3FC96199}.Debug|Any CPU.ActiveCfg = Debug|iPhoneSimulator
		{94EAE362-390B-4A2C-A1F2-678F3FC96199}.Debug|Any CPU.Build.0 = Debug|iPhoneSimulator
		{94EAE362-390B-4A2C-A1F2-678F3FC96199}.Debug|Any CPU.Deploy.0 = Debug|iPhoneSimulator
		{94EAE362-390B-4A2C-A1F2-678F3FC96199}.Debug|iPhone.ActiveCfg = Debug|iPhone
		{94EAE362-390B-4A2C-A1F2-678F3FC96199}.Debug|iPhone.Build.0 = Debug|iPhone
		{94EAE362-390B-4A2C-A1F2-678F3FC96199}.Debug|iPhone.Deploy.0 = Debug|iPhone
		{94EAE362-390B-4A2C-A1F2-678F3FC96199}.Debug|iPhoneSimulator.ActiveCfg = Debug|iPhoneSimulator
		{94EAE362-390B-4A2C-A1F2-678F3FC96199}.Debug|iPhoneSimulator.Build.0 = Debug|iPhoneSimulator
		{94EAE362-390B-4A2C-A1F2-678F3FC96199}.Debug|iPhoneSimulator.Deploy.0 = Debug|iPhoneSimulator
		{94EAE362-390B-4A2C-A1F2-678F3FC96199}.Release|Any CPU.ActiveCfg = Release|iPhone
		{94EAE362-390B-4A2C-A1F2-678F3FC96199}.Release|Any CPU.Build.0 = Release|iPhone
		{94EAE362-390B-4A2C-A1F2-678F3FC96199}.Release|Any CPU.Deploy.0 = Release|iPhone
		{94EAE362-390B-4A2C-A1F2-678F3FC96199}.Release|iPhone.ActiveCfg = Release|iPhone
		{94EAE362-390B-4A2C-A1F2-678F3FC96199}.Release|iPhone.Build.0 = Release|iPhone
		{94EAE362-390B-4A2C-A1F2-678F3FC96199}.Release|iPhone.Deploy.0 = Release|iPhone
		{94EAE362-390B-4A2C-A1F2-678F3FC96199}.Release|iPhoneSimulator.ActiveCfg = Release|iPhoneSimulator
		{94EAE362-390B-4A2C-A1F2-678F3FC96199}.Release|iPhoneSimulator.Build.0 = Release|iPhoneSimulator
		{94EAE362-390B-4A2C-A1F2-678F3FC96199}.Release|iPhoneSimulator.Deploy.0 = Release|iPhoneSimulator
		{99845EB3-6FED-40F5-AC03-C5C18FCCA558}.Ad-Hoc|Any CPU.ActiveCfg = Debug|Any CPU
		{99845EB3-6FED-40F5-AC03-C5C18FCCA558}.Ad-Hoc|Any CPU.Build.0 = Debug|Any CPU
		{99845EB3-6FED-40F5-AC03-C5C18FCCA558}.Ad-Hoc|Any CPU.Deploy.0 = Debug|Any CPU
		{99845EB3-6FED-40F5-AC03-C5C18FCCA558}.Ad-Hoc|iPhone.ActiveCfg = Debug|Any CPU
		{99845EB3-6FED-40F5-AC03-C5C18FCCA558}.Ad-Hoc|iPhone.Build.0 = Debug|Any CPU
		{99845EB3-6FED-40F5-AC03-C5C18FCCA558}.Ad-Hoc|iPhone.Deploy.0 = Debug|Any CPU
		{99845EB3-6FED-40F5-AC03-C5C18FCCA558}.Ad-Hoc|iPhoneSimulator.ActiveCfg = Debug|Any CPU
		{99845EB3-6FED-40F5-AC03-C5C18FCCA558}.Ad-Hoc|iPhoneSimulator.Build.0 = Debug|Any CPU
		{99845EB3-6FED-40F5-AC03-C5C18FCCA558}.Ad-Hoc|iPhoneSimulator.Deploy.0 = Debug|Any CPU
		{99845EB3-6FED-40F5-AC03-C5C18FCCA558}.AppStore|Any CPU.ActiveCfg = Debug|Any CPU
		{99845EB3-6FED-40F5-AC03-C5C18FCCA558}.AppStore|Any CPU.Build.0 = Debug|Any CPU
		{99845EB3-6FED-40F5-AC03-C5C18FCCA558}.AppStore|Any CPU.Deploy.0 = Debug|Any CPU
		{99845EB3-6FED-40F5-AC03-C5C18FCCA558}.AppStore|iPhone.ActiveCfg = Debug|Any CPU
		{99845EB3-6FED-40F5-AC03-C5C18FCCA558}.AppStore|iPhone.Build.0 = Debug|Any CPU
		{99845EB3-6FED-40F5-AC03-C5C18FCCA558}.AppStore|iPhone.Deploy.0 = Debug|Any CPU
		{99845EB3-6FED-40F5-AC03-C5C18FCCA558}.AppStore|iPhoneSimulator.ActiveCfg = Debug|Any CPU
		{99845EB3-6FED-40F5-AC03-C5C18FCCA558}.AppStore|iPhoneSimulator.Build.0 = Debug|Any CPU
		{99845EB3-6FED-40F5-AC03-C5C18FCCA558}.AppStore|iPhoneSimulator.Deploy.0 = Debug|Any CPU
		{99845EB3-6FED-40F5-AC03-C5C18FCCA558}.Debug|Any CPU.ActiveCfg = Debug|Any CPU
		{99845EB3-6FED-40F5-AC03-C5C18FCCA558}.Debug|Any CPU.Build.0 = Debug|Any CPU
		{99845EB3-6FED-40F5-AC03-C5C18FCCA558}.Debug|Any CPU.Deploy.0 = Debug|Any CPU
		{99845EB3-6FED-40F5-AC03-C5C18FCCA558}.Debug|iPhone.ActiveCfg = Debug|Any CPU
		{99845EB3-6FED-40F5-AC03-C5C18FCCA558}.Debug|iPhone.Build.0 = Debug|Any CPU
		{99845EB3-6FED-40F5-AC03-C5C18FCCA558}.Debug|iPhone.Deploy.0 = Debug|Any CPU
		{99845EB3-6FED-40F5-AC03-C5C18FCCA558}.Debug|iPhoneSimulator.ActiveCfg = Debug|Any CPU
		{99845EB3-6FED-40F5-AC03-C5C18FCCA558}.Debug|iPhoneSimulator.Build.0 = Debug|Any CPU
		{99845EB3-6FED-40F5-AC03-C5C18FCCA558}.Debug|iPhoneSimulator.Deploy.0 = Debug|Any CPU
		{99845EB3-6FED-40F5-AC03-C5C18FCCA558}.Release|Any CPU.ActiveCfg = Release|Any CPU
		{99845EB3-6FED-40F5-AC03-C5C18FCCA558}.Release|Any CPU.Build.0 = Release|Any CPU
		{99845EB3-6FED-40F5-AC03-C5C18FCCA558}.Release|Any CPU.Deploy.0 = Release|Any CPU
		{99845EB3-6FED-40F5-AC03-C5C18FCCA558}.Release|iPhone.ActiveCfg = Release|Any CPU
		{99845EB3-6FED-40F5-AC03-C5C18FCCA558}.Release|iPhone.Build.0 = Release|Any CPU
		{99845EB3-6FED-40F5-AC03-C5C18FCCA558}.Release|iPhone.Deploy.0 = Release|Any CPU
		{99845EB3-6FED-40F5-AC03-C5C18FCCA558}.Release|iPhoneSimulator.ActiveCfg = Release|Any CPU
		{99845EB3-6FED-40F5-AC03-C5C18FCCA558}.Release|iPhoneSimulator.Build.0 = Release|Any CPU
		{99845EB3-6FED-40F5-AC03-C5C18FCCA558}.Release|iPhoneSimulator.Deploy.0 = Release|Any CPU
	EndGlobalSection
	GlobalSection(SolutionProperties) = preSolution
		HideSolutionNode = FALSE
	EndGlobalSection
	GlobalSection(ExtensibilityGlobals) = postSolution
		SolutionGuid = {F44C08D4-1771-4AF1-B102-766E0CF3EA64}
	EndGlobalSection
EndGlobal
